// !$*UTF8*$!
{
	archiveVersion = 1;
	classes = {
	};
	objectVersion = 46;
	objects = {

/* Begin PBXBuildFile section */
		4F9754B5E9F2AEF30804174F /* libPods-SchedulerTests.a in Frameworks */ = {isa = PBXBuildFile; fileRef = 403F53A60B2EED1C0D877599 /* libPods-SchedulerTests.a */; };
		73103FD71CF0B7AA00785073 /* SLRIntervalCell.m in Sources */ = {isa = PBXBuildFile; fileRef = 73103FD61CF0B7AA00785073 /* SLRIntervalCell.m */; };
		735E213D1CE884C600A4EB54 /* SLRWorkDayVMSpec.m in Sources */ = {isa = PBXBuildFile; fileRef = 735E213C1CE884C600A4EB54 /* SLRWorkDayVMSpec.m */; };
		735E21401CE8912100A4EB54 /* SLRSeporatorView.m in Sources */ = {isa = PBXBuildFile; fileRef = 735E213F1CE8912100A4EB54 /* SLRSeporatorView.m */; };
		73830E561CE0AB13006B6074 /* SLRIntervalView.m in Sources */ = {isa = PBXBuildFile; fileRef = 73830E551CE0AB13006B6074 /* SLRIntervalView.m */; };
		73830E591CE0C458006B6074 /* SLRIntervalVM.m in Sources */ = {isa = PBXBuildFile; fileRef = 73830E581CE0C458006B6074 /* SLRIntervalVM.m */; };
		73830E5C1CE0C46C006B6074 /* SLRWorkDayVM.m in Sources */ = {isa = PBXBuildFile; fileRef = 73830E5B1CE0C46C006B6074 /* SLRWorkDayVM.m */; };
		73830E5F1CE0C767006B6074 /* SLRRangeVM.m in Sources */ = {isa = PBXBuildFile; fileRef = 73830E5E1CE0C767006B6074 /* SLRRangeVM.m */; };
		738314BC1CF09ACA0048AFE2 /* SLRFilial.m in Sources */ = {isa = PBXBuildFile; fileRef = 738314B11CF09ACA0048AFE2 /* SLRFilial.m */; };
		738314BD1CF09ACA0048AFE2 /* SLROwner.m in Sources */ = {isa = PBXBuildFile; fileRef = 738314B31CF09ACA0048AFE2 /* SLROwner.m */; };
		738314BE1CF09ACA0048AFE2 /* SLRPage.m in Sources */ = {isa = PBXBuildFile; fileRef = 738314B51CF09ACA0048AFE2 /* SLRPage.m */; };
		738314BF1CF09ACA0048AFE2 /* SLRRange.m in Sources */ = {isa = PBXBuildFile; fileRef = 738314B71CF09ACA0048AFE2 /* SLRRange.m */; };
		738314C01CF09ACA0048AFE2 /* SLRTimeGrid.m in Sources */ = {isa = PBXBuildFile; fileRef = 738314B91CF09ACA0048AFE2 /* SLRTimeGrid.m */; };
		738314C11CF09ACA0048AFE2 /* SLRUser.m in Sources */ = {isa = PBXBuildFile; fileRef = 738314BB1CF09ACA0048AFE2 /* SLRUser.m */; };
		738314CA1CF09B550048AFE2 /* SLRAPIController.m in Sources */ = {isa = PBXBuildFile; fileRef = 738314C51CF09B550048AFE2 /* SLRAPIController.m */; };
		738314CB1CF09B550048AFE2 /* SLRAPIController+SLRModels.m in Sources */ = {isa = PBXBuildFile; fileRef = 738314C71CF09B550048AFE2 /* SLRAPIController+SLRModels.m */; };
		738314CC1CF09B550048AFE2 /* SLRDataProvider.m in Sources */ = {isa = PBXBuildFile; fileRef = 738314C91CF09B550048AFE2 /* SLRDataProvider.m */; };
		738314D51CF09C890048AFE2 /* filial.json in Resources */ = {isa = PBXBuildFile; fileRef = 738314D31CF09C890048AFE2 /* filial.json */; };
		738314D61CF09C890048AFE2 /* pages.json in Resources */ = {isa = PBXBuildFile; fileRef = 738314D41CF09C890048AFE2 /* pages.json */; };
		739AA65C1C9EEA8E00565CB7 /* SLRScheduleModelSpec.m in Sources */ = {isa = PBXBuildFile; fileRef = 739AA65B1C9EEA8E00565CB7 /* SLRScheduleModelSpec.m */; };
		739AA9321C9EEF1200565CB7 /* SLRFreeInterval.m in Sources */ = {isa = PBXBuildFile; fileRef = 739AA9311C9EEF1200565CB7 /* SLRFreeInterval.m */; };
		739AA9331C9EEF1200565CB7 /* SLRFreeInterval.m in Sources */ = {isa = PBXBuildFile; fileRef = 739AA9311C9EEF1200565CB7 /* SLRFreeInterval.m */; };
		73AF52A91C9EB953009FB75A /* main.m in Sources */ = {isa = PBXBuildFile; fileRef = 73AF52A81C9EB953009FB75A /* main.m */; };
		73AF52AC1C9EB953009FB75A /* AppDelegate.m in Sources */ = {isa = PBXBuildFile; fileRef = 73AF52AB1C9EB953009FB75A /* AppDelegate.m */; };
		73AF52B41C9EB953009FB75A /* Assets.xcassets in Resources */ = {isa = PBXBuildFile; fileRef = 73AF52B31C9EB953009FB75A /* Assets.xcassets */; };
		73AF52CE1C9EBBC6009FB75A /* SLRRootVC.m in Sources */ = {isa = PBXBuildFile; fileRef = 73AF52CD1C9EBBC6009FB75A /* SLRRootVC.m */; };
		73AF52D11C9EBCB6009FB75A /* Default-568h@2x.png in Resources */ = {isa = PBXBuildFile; fileRef = 73AF52D01C9EBCB6009FB75A /* Default-568h@2x.png */; };
		73AF55A71C9EC71B009FB75A /* SLRBaseVC.m in Sources */ = {isa = PBXBuildFile; fileRef = 73AF55A61C9EC71B009FB75A /* SLRBaseVC.m */; };
		73AF55AA1C9EC74C009FB75A /* SLRBaseVM.m in Sources */ = {isa = PBXBuildFile; fileRef = 73AF55A91C9EC74C009FB75A /* SLRBaseVM.m */; };
		73AF55AB1C9EC74C009FB75A /* SLRBaseVM.m in Sources */ = {isa = PBXBuildFile; fileRef = 73AF55A91C9EC74C009FB75A /* SLRBaseVM.m */; };
		73AF55B11C9EC882009FB75A /* SLRSchedulerVC.m in Sources */ = {isa = PBXBuildFile; fileRef = 73AF55B01C9EC882009FB75A /* SLRSchedulerVC.m */; };
		73AF55B41C9EC8BC009FB75A /* SLRSchedulerVM.m in Sources */ = {isa = PBXBuildFile; fileRef = 73AF55B31C9EC8BC009FB75A /* SLRSchedulerVM.m */; };
		73AF55B51C9EC8BC009FB75A /* SLRSchedulerVM.m in Sources */ = {isa = PBXBuildFile; fileRef = 73AF55B31C9EC8BC009FB75A /* SLRSchedulerVM.m */; };
		73AF55B91C9ECA56009FB75A /* SLRScheduleCell.m in Sources */ = {isa = PBXBuildFile; fileRef = 73AF55B81C9ECA56009FB75A /* SLRScheduleCell.m */; };
		73AF55BA1C9ECA56009FB75A /* SLRScheduleCell.m in Sources */ = {isa = PBXBuildFile; fileRef = 73AF55B81C9ECA56009FB75A /* SLRScheduleCell.m */; };
		73AF55BD1C9ECC64009FB75A /* SLRScheduleModel.m in Sources */ = {isa = PBXBuildFile; fileRef = 73AF55BC1C9ECC64009FB75A /* SLRScheduleModel.m */; };
		73AF55BE1C9ECC64009FB75A /* SLRScheduleModel.m in Sources */ = {isa = PBXBuildFile; fileRef = 73AF55BC1C9ECC64009FB75A /* SLRScheduleModel.m */; };
		73AF55C21C9ED8CF009FB75A /* SLRScheduleCellVM.m in Sources */ = {isa = PBXBuildFile; fileRef = 73AF55C11C9ED8CF009FB75A /* SLRScheduleCellVM.m */; };
		73AF55C31C9ED8CF009FB75A /* SLRScheduleCellVM.m in Sources */ = {isa = PBXBuildFile; fileRef = 73AF55C11C9ED8CF009FB75A /* SLRScheduleCellVM.m */; };
		73AF55C51C9EDBDD009FB75A /* schedule_params.json in Resources */ = {isa = PBXBuildFile; fileRef = 73AF55C41C9EDBDD009FB75A /* schedule_params.json */; };
		73AF55C61C9EDBDD009FB75A /* schedule_params.json in Resources */ = {isa = PBXBuildFile; fileRef = 73AF55C41C9EDBDD009FB75A /* schedule_params.json */; };
		73AF55C91C9EDF32009FB75A /* SLRVisitorInterval.m in Sources */ = {isa = PBXBuildFile; fileRef = 73AF55C81C9EDF32009FB75A /* SLRVisitorInterval.m */; };
		73AF55CA1C9EDF32009FB75A /* SLRVisitorInterval.m in Sources */ = {isa = PBXBuildFile; fileRef = 73AF55C81C9EDF32009FB75A /* SLRVisitorInterval.m */; };
		9EF1342ABAD404670A1FA95D /* libPods-Scheduler.a in Frameworks */ = {isa = PBXBuildFile; fileRef = 89010D5CC873F6E1C8A695F5 /* libPods-Scheduler.a */; };
/* End PBXBuildFile section */

/* Begin PBXContainerItemProxy section */
		73AF52BE1C9EB953009FB75A /* PBXContainerItemProxy */ = {
			isa = PBXContainerItemProxy;
			containerPortal = 73AF529C1C9EB953009FB75A /* Project object */;
			proxyType = 1;
			remoteGlobalIDString = 73AF52A31C9EB953009FB75A;
			remoteInfo = Scheduler;
		};
/* End PBXContainerItemProxy section */

/* Begin PBXFileReference section */
		403F53A60B2EED1C0D877599 /* libPods-SchedulerTests.a */ = {isa = PBXFileReference; explicitFileType = archive.ar; includeInIndex = 0; path = "libPods-SchedulerTests.a"; sourceTree = BUILT_PRODUCTS_DIR; };
		472D3E516EE1FDDDB86413C3 /* Pods-SchedulerTests.release.xcconfig */ = {isa = PBXFileReference; includeInIndex = 1; lastKnownFileType = text.xcconfig; name = "Pods-SchedulerTests.release.xcconfig"; path = "Pods/Target Support Files/Pods-SchedulerTests/Pods-SchedulerTests.release.xcconfig"; sourceTree = "<group>"; };
		56CE2249671223335EA5841D /* Pods-Scheduler.debug.xcconfig */ = {isa = PBXFileReference; includeInIndex = 1; lastKnownFileType = text.xcconfig; name = "Pods-Scheduler.debug.xcconfig"; path = "Pods/Target Support Files/Pods-Scheduler/Pods-Scheduler.debug.xcconfig"; sourceTree = "<group>"; };
		59041980C96C640D0855E039 /* Pods-SchedulerTests.debug.xcconfig */ = {isa = PBXFileReference; includeInIndex = 1; lastKnownFileType = text.xcconfig; name = "Pods-SchedulerTests.debug.xcconfig"; path = "Pods/Target Support Files/Pods-SchedulerTests/Pods-SchedulerTests.debug.xcconfig"; sourceTree = "<group>"; };
		73103FD51CF0B7AA00785073 /* SLRIntervalCell.h */ = {isa = PBXFileReference; fileEncoding = 4; lastKnownFileType = sourcecode.c.h; path = SLRIntervalCell.h; sourceTree = "<group>"; };
		73103FD61CF0B7AA00785073 /* SLRIntervalCell.m */ = {isa = PBXFileReference; fileEncoding = 4; lastKnownFileType = sourcecode.c.objc; path = SLRIntervalCell.m; sourceTree = "<group>"; };
		735E213C1CE884C600A4EB54 /* SLRWorkDayVMSpec.m */ = {isa = PBXFileReference; fileEncoding = 4; lastKnownFileType = sourcecode.c.objc; path = SLRWorkDayVMSpec.m; sourceTree = "<group>"; };
		735E213E1CE8912100A4EB54 /* SLRSeporatorView.h */ = {isa = PBXFileReference; fileEncoding = 4; lastKnownFileType = sourcecode.c.h; path = SLRSeporatorView.h; sourceTree = "<group>"; };
		735E213F1CE8912100A4EB54 /* SLRSeporatorView.m */ = {isa = PBXFileReference; fileEncoding = 4; lastKnownFileType = sourcecode.c.objc; path = SLRSeporatorView.m; sourceTree = "<group>"; };
		73830E541CE0AB13006B6074 /* SLRIntervalView.h */ = {isa = PBXFileReference; fileEncoding = 4; lastKnownFileType = sourcecode.c.h; path = SLRIntervalView.h; sourceTree = "<group>"; };
		73830E551CE0AB13006B6074 /* SLRIntervalView.m */ = {isa = PBXFileReference; fileEncoding = 4; lastKnownFileType = sourcecode.c.objc; path = SLRIntervalView.m; sourceTree = "<group>"; };
		73830E571CE0C458006B6074 /* SLRIntervalVM.h */ = {isa = PBXFileReference; fileEncoding = 4; lastKnownFileType = sourcecode.c.h; path = SLRIntervalVM.h; sourceTree = "<group>"; };
		73830E581CE0C458006B6074 /* SLRIntervalVM.m */ = {isa = PBXFileReference; fileEncoding = 4; lastKnownFileType = sourcecode.c.objc; path = SLRIntervalVM.m; sourceTree = "<group>"; };
		73830E5A1CE0C46C006B6074 /* SLRWorkDayVM.h */ = {isa = PBXFileReference; fileEncoding = 4; lastKnownFileType = sourcecode.c.h; path = SLRWorkDayVM.h; sourceTree = "<group>"; };
		73830E5B1CE0C46C006B6074 /* SLRWorkDayVM.m */ = {isa = PBXFileReference; fileEncoding = 4; lastKnownFileType = sourcecode.c.objc; path = SLRWorkDayVM.m; sourceTree = "<group>"; };
		73830E5D1CE0C767006B6074 /* SLRRangeVM.h */ = {isa = PBXFileReference; fileEncoding = 4; lastKnownFileType = sourcecode.c.h; path = SLRRangeVM.h; sourceTree = "<group>"; };
		73830E5E1CE0C767006B6074 /* SLRRangeVM.m */ = {isa = PBXFileReference; fileEncoding = 4; lastKnownFileType = sourcecode.c.objc; path = SLRRangeVM.m; sourceTree = "<group>"; };
		738314B01CF09ACA0048AFE2 /* SLRFilial.h */ = {isa = PBXFileReference; fileEncoding = 4; lastKnownFileType = sourcecode.c.h; path = SLRFilial.h; sourceTree = "<group>"; };
		738314B11CF09ACA0048AFE2 /* SLRFilial.m */ = {isa = PBXFileReference; fileEncoding = 4; lastKnownFileType = sourcecode.c.objc; path = SLRFilial.m; sourceTree = "<group>"; };
		738314B21CF09ACA0048AFE2 /* SLROwner.h */ = {isa = PBXFileReference; fileEncoding = 4; lastKnownFileType = sourcecode.c.h; path = SLROwner.h; sourceTree = "<group>"; };
		738314B31CF09ACA0048AFE2 /* SLROwner.m */ = {isa = PBXFileReference; fileEncoding = 4; lastKnownFileType = sourcecode.c.objc; path = SLROwner.m; sourceTree = "<group>"; };
		738314B41CF09ACA0048AFE2 /* SLRPage.h */ = {isa = PBXFileReference; fileEncoding = 4; lastKnownFileType = sourcecode.c.h; path = SLRPage.h; sourceTree = "<group>"; };
		738314B51CF09ACA0048AFE2 /* SLRPage.m */ = {isa = PBXFileReference; fileEncoding = 4; lastKnownFileType = sourcecode.c.objc; path = SLRPage.m; sourceTree = "<group>"; };
		738314B61CF09ACA0048AFE2 /* SLRRange.h */ = {isa = PBXFileReference; fileEncoding = 4; lastKnownFileType = sourcecode.c.h; path = SLRRange.h; sourceTree = "<group>"; };
		738314B71CF09ACA0048AFE2 /* SLRRange.m */ = {isa = PBXFileReference; fileEncoding = 4; lastKnownFileType = sourcecode.c.objc; path = SLRRange.m; sourceTree = "<group>"; };
		738314B81CF09ACA0048AFE2 /* SLRTimeGrid.h */ = {isa = PBXFileReference; fileEncoding = 4; lastKnownFileType = sourcecode.c.h; path = SLRTimeGrid.h; sourceTree = "<group>"; };
		738314B91CF09ACA0048AFE2 /* SLRTimeGrid.m */ = {isa = PBXFileReference; fileEncoding = 4; lastKnownFileType = sourcecode.c.objc; path = SLRTimeGrid.m; sourceTree = "<group>"; };
		738314BA1CF09ACA0048AFE2 /* SLRUser.h */ = {isa = PBXFileReference; fileEncoding = 4; lastKnownFileType = sourcecode.c.h; path = SLRUser.h; sourceTree = "<group>"; };
		738314BB1CF09ACA0048AFE2 /* SLRUser.m */ = {isa = PBXFileReference; fileEncoding = 4; lastKnownFileType = sourcecode.c.objc; path = SLRUser.m; sourceTree = "<group>"; };
		738314C41CF09B550048AFE2 /* SLRAPIController.h */ = {isa = PBXFileReference; fileEncoding = 4; lastKnownFileType = sourcecode.c.h; path = SLRAPIController.h; sourceTree = "<group>"; };
		738314C51CF09B550048AFE2 /* SLRAPIController.m */ = {isa = PBXFileReference; fileEncoding = 4; lastKnownFileType = sourcecode.c.objc; path = SLRAPIController.m; sourceTree = "<group>"; };
		738314C61CF09B550048AFE2 /* SLRAPIController+SLRModels.h */ = {isa = PBXFileReference; fileEncoding = 4; lastKnownFileType = sourcecode.c.h; path = "SLRAPIController+SLRModels.h"; sourceTree = "<group>"; };
		738314C71CF09B550048AFE2 /* SLRAPIController+SLRModels.m */ = {isa = PBXFileReference; fileEncoding = 4; lastKnownFileType = sourcecode.c.objc; path = "SLRAPIController+SLRModels.m"; sourceTree = "<group>"; };
		738314C81CF09B550048AFE2 /* SLRDataProvider.h */ = {isa = PBXFileReference; fileEncoding = 4; lastKnownFileType = sourcecode.c.h; path = SLRDataProvider.h; sourceTree = "<group>"; };
		738314C91CF09B550048AFE2 /* SLRDataProvider.m */ = {isa = PBXFileReference; fileEncoding = 4; lastKnownFileType = sourcecode.c.objc; path = SLRDataProvider.m; sourceTree = "<group>"; };
		738314CD1CF09B8A0048AFE2 /* SLRSerializableProtocol.h */ = {isa = PBXFileReference; lastKnownFileType = sourcecode.c.h; path = SLRSerializableProtocol.h; sourceTree = "<group>"; };
		738314D31CF09C890048AFE2 /* filial.json */ = {isa = PBXFileReference; fileEncoding = 4; lastKnownFileType = text.json; path = filial.json; sourceTree = "<group>"; };
		738314D41CF09C890048AFE2 /* pages.json */ = {isa = PBXFileReference; fileEncoding = 4; lastKnownFileType = text.json; path = pages.json; sourceTree = "<group>"; };
		739AA65B1C9EEA8E00565CB7 /* SLRScheduleModelSpec.m */ = {isa = PBXFileReference; fileEncoding = 4; lastKnownFileType = sourcecode.c.objc; path = SLRScheduleModelSpec.m; sourceTree = "<group>"; };
		739AA92F1C9EEB5500565CB7 /* Prefix-Header.h */ = {isa = PBXFileReference; lastKnownFileType = sourcecode.c.h; path = "Prefix-Header.h"; sourceTree = "<group>"; };
		739AA9301C9EEF1200565CB7 /* SLRFreeInterval.h */ = {isa = PBXFileReference; fileEncoding = 4; lastKnownFileType = sourcecode.c.h; path = SLRFreeInterval.h; sourceTree = "<group>"; };
		739AA9311C9EEF1200565CB7 /* SLRFreeInterval.m */ = {isa = PBXFileReference; fileEncoding = 4; lastKnownFileType = sourcecode.c.objc; path = SLRFreeInterval.m; sourceTree = "<group>"; };
		73AF52A41C9EB953009FB75A /* Scheduler.app */ = {isa = PBXFileReference; explicitFileType = wrapper.application; includeInIndex = 0; path = Scheduler.app; sourceTree = BUILT_PRODUCTS_DIR; };
		73AF52A81C9EB953009FB75A /* main.m */ = {isa = PBXFileReference; lastKnownFileType = sourcecode.c.objc; path = main.m; sourceTree = "<group>"; };
		73AF52AA1C9EB953009FB75A /* AppDelegate.h */ = {isa = PBXFileReference; lastKnownFileType = sourcecode.c.h; path = AppDelegate.h; sourceTree = "<group>"; };
		73AF52AB1C9EB953009FB75A /* AppDelegate.m */ = {isa = PBXFileReference; lastKnownFileType = sourcecode.c.objc; path = AppDelegate.m; sourceTree = "<group>"; };
		73AF52B31C9EB953009FB75A /* Assets.xcassets */ = {isa = PBXFileReference; lastKnownFileType = folder.assetcatalog; path = Assets.xcassets; sourceTree = "<group>"; };
		73AF52B81C9EB953009FB75A /* Info.plist */ = {isa = PBXFileReference; lastKnownFileType = text.plist.xml; path = Info.plist; sourceTree = "<group>"; };
		73AF52BD1C9EB953009FB75A /* SchedulerTests.xctest */ = {isa = PBXFileReference; explicitFileType = wrapper.cfbundle; includeInIndex = 0; path = SchedulerTests.xctest; sourceTree = BUILT_PRODUCTS_DIR; };
		73AF52C31C9EB953009FB75A /* Info.plist */ = {isa = PBXFileReference; lastKnownFileType = text.plist.xml; path = Info.plist; sourceTree = "<group>"; };
		73AF52CC1C9EBBC6009FB75A /* SLRRootVC.h */ = {isa = PBXFileReference; fileEncoding = 4; lastKnownFileType = sourcecode.c.h; path = SLRRootVC.h; sourceTree = "<group>"; };
		73AF52CD1C9EBBC6009FB75A /* SLRRootVC.m */ = {isa = PBXFileReference; fileEncoding = 4; lastKnownFileType = sourcecode.c.objc; path = SLRRootVC.m; sourceTree = "<group>"; };
		73AF52CF1C9EBC5A009FB75A /* Prefix-Header.h */ = {isa = PBXFileReference; lastKnownFileType = sourcecode.c.h; path = "Prefix-Header.h"; sourceTree = "<group>"; };
		73AF52D01C9EBCB6009FB75A /* Default-568h@2x.png */ = {isa = PBXFileReference; lastKnownFileType = image.png; name = "Default-568h@2x.png"; path = "../Default-568h@2x.png"; sourceTree = "<group>"; };
		73AF55A51C9EC71B009FB75A /* SLRBaseVC.h */ = {isa = PBXFileReference; fileEncoding = 4; lastKnownFileType = sourcecode.c.h; path = SLRBaseVC.h; sourceTree = "<group>"; };
		73AF55A61C9EC71B009FB75A /* SLRBaseVC.m */ = {isa = PBXFileReference; fileEncoding = 4; lastKnownFileType = sourcecode.c.objc; path = SLRBaseVC.m; sourceTree = "<group>"; };
		73AF55A81C9EC74C009FB75A /* SLRBaseVM.h */ = {isa = PBXFileReference; fileEncoding = 4; lastKnownFileType = sourcecode.c.h; path = SLRBaseVM.h; sourceTree = "<group>"; };
		73AF55A91C9EC74C009FB75A /* SLRBaseVM.m */ = {isa = PBXFileReference; fileEncoding = 4; lastKnownFileType = sourcecode.c.objc; path = SLRBaseVM.m; sourceTree = "<group>"; };
		73AF55AF1C9EC882009FB75A /* SLRSchedulerVC.h */ = {isa = PBXFileReference; fileEncoding = 4; lastKnownFileType = sourcecode.c.h; path = SLRSchedulerVC.h; sourceTree = "<group>"; };
		73AF55B01C9EC882009FB75A /* SLRSchedulerVC.m */ = {isa = PBXFileReference; fileEncoding = 4; lastKnownFileType = sourcecode.c.objc; path = SLRSchedulerVC.m; sourceTree = "<group>"; };
		73AF55B21C9EC8BC009FB75A /* SLRSchedulerVM.h */ = {isa = PBXFileReference; fileEncoding = 4; lastKnownFileType = sourcecode.c.h; path = SLRSchedulerVM.h; sourceTree = "<group>"; };
		73AF55B31C9EC8BC009FB75A /* SLRSchedulerVM.m */ = {isa = PBXFileReference; fileEncoding = 4; lastKnownFileType = sourcecode.c.objc; path = SLRSchedulerVM.m; sourceTree = "<group>"; };
		73AF55B71C9ECA56009FB75A /* SLRScheduleCell.h */ = {isa = PBXFileReference; fileEncoding = 4; lastKnownFileType = sourcecode.c.h; path = SLRScheduleCell.h; sourceTree = "<group>"; };
		73AF55B81C9ECA56009FB75A /* SLRScheduleCell.m */ = {isa = PBXFileReference; fileEncoding = 4; lastKnownFileType = sourcecode.c.objc; path = SLRScheduleCell.m; sourceTree = "<group>"; };
		73AF55BB1C9ECC64009FB75A /* SLRScheduleModel.h */ = {isa = PBXFileReference; fileEncoding = 4; lastKnownFileType = sourcecode.c.h; path = SLRScheduleModel.h; sourceTree = "<group>"; };
		73AF55BC1C9ECC64009FB75A /* SLRScheduleModel.m */ = {isa = PBXFileReference; fileEncoding = 4; lastKnownFileType = sourcecode.c.objc; path = SLRScheduleModel.m; sourceTree = "<group>"; };
		73AF55BF1C9ED39F009FB75A /* SLRScheduleInterval.h */ = {isa = PBXFileReference; fileEncoding = 4; lastKnownFileType = sourcecode.c.h; path = SLRScheduleInterval.h; sourceTree = "<group>"; };
		73AF55C01C9ED8CF009FB75A /* SLRScheduleCellVM.h */ = {isa = PBXFileReference; fileEncoding = 4; lastKnownFileType = sourcecode.c.h; path = SLRScheduleCellVM.h; sourceTree = "<group>"; };
		73AF55C11C9ED8CF009FB75A /* SLRScheduleCellVM.m */ = {isa = PBXFileReference; fileEncoding = 4; lastKnownFileType = sourcecode.c.objc; path = SLRScheduleCellVM.m; sourceTree = "<group>"; };
		73AF55C41C9EDBDD009FB75A /* schedule_params.json */ = {isa = PBXFileReference; fileEncoding = 4; lastKnownFileType = text.json; path = schedule_params.json; sourceTree = "<group>"; };
		73AF55C71C9EDF32009FB75A /* SLRVisitorInterval.h */ = {isa = PBXFileReference; fileEncoding = 4; lastKnownFileType = sourcecode.c.h; path = SLRVisitorInterval.h; sourceTree = "<group>"; };
		73AF55C81C9EDF32009FB75A /* SLRVisitorInterval.m */ = {isa = PBXFileReference; fileEncoding = 4; lastKnownFileType = sourcecode.c.objc; path = SLRVisitorInterval.m; sourceTree = "<group>"; };
		89010D5CC873F6E1C8A695F5 /* libPods-Scheduler.a */ = {isa = PBXFileReference; explicitFileType = archive.ar; includeInIndex = 0; path = "libPods-Scheduler.a"; sourceTree = BUILT_PRODUCTS_DIR; };
		CC71B5BB6067145B8945C39C /* Pods-Scheduler.release.xcconfig */ = {isa = PBXFileReference; includeInIndex = 1; lastKnownFileType = text.xcconfig; name = "Pods-Scheduler.release.xcconfig"; path = "Pods/Target Support Files/Pods-Scheduler/Pods-Scheduler.release.xcconfig"; sourceTree = "<group>"; };
/* End PBXFileReference section */

/* Begin PBXFrameworksBuildPhase section */
		73AF52A11C9EB953009FB75A /* Frameworks */ = {
			isa = PBXFrameworksBuildPhase;
			buildActionMask = 2147483647;
			files = (
				9EF1342ABAD404670A1FA95D /* libPods-Scheduler.a in Frameworks */,
			);
			runOnlyForDeploymentPostprocessing = 0;
		};
		73AF52BA1C9EB953009FB75A /* Frameworks */ = {
			isa = PBXFrameworksBuildPhase;
			buildActionMask = 2147483647;
			files = (
				4F9754B5E9F2AEF30804174F /* libPods-SchedulerTests.a in Frameworks */,
			);
			runOnlyForDeploymentPostprocessing = 0;
		};
/* End PBXFrameworksBuildPhase section */

/* Begin PBXGroup section */
		7350FD2AA6B5C9CA0C6F368F /* Frameworks */ = {
			isa = PBXGroup;
			children = (
				89010D5CC873F6E1C8A695F5 /* libPods-Scheduler.a */,
				403F53A60B2EED1C0D877599 /* libPods-SchedulerTests.a */,
			);
			name = Frameworks;
			sourceTree = "<group>";
		};
		736EE2151CF95CD700C32225 /* App */ = {
			isa = PBXGroup;
			children = (
				736EE2161CF95CE700C32225 /* Scheduler */,
			);
			name = App;
			sourceTree = "<group>";
		};
		736EE2161CF95CE700C32225 /* Scheduler */ = {
			isa = PBXGroup;
			children = (
				736EE2171CF95CFC00C32225 /* Cell */,
				73AF55B21C9EC8BC009FB75A /* SLRSchedulerVM.h */,
				73AF55B31C9EC8BC009FB75A /* SLRSchedulerVM.m */,
				73AF55AF1C9EC882009FB75A /* SLRSchedulerVC.h */,
				73AF55B01C9EC882009FB75A /* SLRSchedulerVC.m */,
			);
			name = Scheduler;
			sourceTree = "<group>";
		};
		736EE2171CF95CFC00C32225 /* Cell */ = {
			isa = PBXGroup;
			children = (
				73830E571CE0C458006B6074 /* SLRIntervalVM.h */,
				73830E581CE0C458006B6074 /* SLRIntervalVM.m */,
				73103FD51CF0B7AA00785073 /* SLRIntervalCell.h */,
				73103FD61CF0B7AA00785073 /* SLRIntervalCell.m */,
			);
			name = Cell;
			sourceTree = "<group>";
		};
		738314AF1CF09ACA0048AFE2 /* Entities */ = {
			isa = PBXGroup;
			children = (
				738314B01CF09ACA0048AFE2 /* SLRFilial.h */,
				738314B11CF09ACA0048AFE2 /* SLRFilial.m */,
				738314B21CF09ACA0048AFE2 /* SLROwner.h */,
				738314B31CF09ACA0048AFE2 /* SLROwner.m */,
				738314B41CF09ACA0048AFE2 /* SLRPage.h */,
				738314B51CF09ACA0048AFE2 /* SLRPage.m */,
				738314B61CF09ACA0048AFE2 /* SLRRange.h */,
				738314B71CF09ACA0048AFE2 /* SLRRange.m */,
				738314B81CF09ACA0048AFE2 /* SLRTimeGrid.h */,
				738314B91CF09ACA0048AFE2 /* SLRTimeGrid.m */,
				738314BA1CF09ACA0048AFE2 /* SLRUser.h */,
				738314BB1CF09ACA0048AFE2 /* SLRUser.m */,
			);
			path = Entities;
			sourceTree = "<group>";
		};
		738314C31CF09B230048AFE2 /* Networking */ = {
			isa = PBXGroup;
			children = (
				738314C41CF09B550048AFE2 /* SLRAPIController.h */,
				738314C51CF09B550048AFE2 /* SLRAPIController.m */,
				738314C61CF09B550048AFE2 /* SLRAPIController+SLRModels.h */,
				738314C71CF09B550048AFE2 /* SLRAPIController+SLRModels.m */,
				738314C81CF09B550048AFE2 /* SLRDataProvider.h */,
				738314C91CF09B550048AFE2 /* SLRDataProvider.m */,
				738314CD1CF09B8A0048AFE2 /* SLRSerializableProtocol.h */,
			);
			name = Networking;
			sourceTree = "<group>";
		};
		738314D21CF09C890048AFE2 /* json */ = {
			isa = PBXGroup;
			children = (
				738314D31CF09C890048AFE2 /* filial.json */,
				738314D41CF09C890048AFE2 /* pages.json */,
			);
			path = json;
			sourceTree = "<group>";
		};
		738314D71CF0A8780048AFE2 /* Pending */ = {
			isa = PBXGroup;
			children = (
				73AF55B71C9ECA56009FB75A /* SLRScheduleCell.h */,
				73AF55B81C9ECA56009FB75A /* SLRScheduleCell.m */,
				73830E541CE0AB13006B6074 /* SLRIntervalView.h */,
				73830E551CE0AB13006B6074 /* SLRIntervalView.m */,
			);
			name = Pending;
			sourceTree = "<group>";
		};
		73AF529B1C9EB953009FB75A = {
			isa = PBXGroup;
			children = (
				73AF52A61C9EB953009FB75A /* Scheduler */,
				73AF52C01C9EB953009FB75A /* SchedulerTests */,
				73AF52A51C9EB953009FB75A /* Products */,
				75F704861AF0FA477A3DB201 /* Pods */,
				7350FD2AA6B5C9CA0C6F368F /* Frameworks */,
			);
			sourceTree = "<group>";
		};
		73AF52A51C9EB953009FB75A /* Products */ = {
			isa = PBXGroup;
			children = (
				73AF52A41C9EB953009FB75A /* Scheduler.app */,
				73AF52BD1C9EB953009FB75A /* SchedulerTests.xctest */,
			);
			name = Products;
			sourceTree = "<group>";
		};
		73AF52A61C9EB953009FB75A /* Scheduler */ = {
			isa = PBXGroup;
			children = (
				736EE2151CF95CD700C32225 /* App */,
				738314C31CF09B230048AFE2 /* Networking */,
				738314AF1CF09ACA0048AFE2 /* Entities */,
				73AF55AE1C9EC826009FB75A /* ViewModels */,
				73AF55AD1C9EC81F009FB75A /* Views */,
				73AF55AC1C9EC81A009FB75A /* Models */,
				73AF52AA1C9EB953009FB75A /* AppDelegate.h */,
				73AF52AB1C9EB953009FB75A /* AppDelegate.m */,
				73AF52B31C9EB953009FB75A /* Assets.xcassets */,
				73AF52B81C9EB953009FB75A /* Info.plist */,
				73AF52A71C9EB953009FB75A /* Supporting Files */,
			);
			path = Scheduler;
			sourceTree = "<group>";
		};
		73AF52A71C9EB953009FB75A /* Supporting Files */ = {
			isa = PBXGroup;
			children = (
				738314D21CF09C890048AFE2 /* json */,
				73AF52D01C9EBCB6009FB75A /* Default-568h@2x.png */,
				73AF52CF1C9EBC5A009FB75A /* Prefix-Header.h */,
				73AF52A81C9EB953009FB75A /* main.m */,
				73AF55C41C9EDBDD009FB75A /* schedule_params.json */,
			);
			name = "Supporting Files";
			sourceTree = "<group>";
		};
		73AF52C01C9EB953009FB75A /* SchedulerTests */ = {
			isa = PBXGroup;
			children = (
				73AF52C31C9EB953009FB75A /* Info.plist */,
				739AA92F1C9EEB5500565CB7 /* Prefix-Header.h */,
				739AA65B1C9EEA8E00565CB7 /* SLRScheduleModelSpec.m */,
				735E213C1CE884C600A4EB54 /* SLRWorkDayVMSpec.m */,
			);
			path = SchedulerTests;
			sourceTree = "<group>";
		};
		73AF55AC1C9EC81A009FB75A /* Models */ = {
			isa = PBXGroup;
			children = (
				73AF55BF1C9ED39F009FB75A /* SLRScheduleInterval.h */,
				73AF55BB1C9ECC64009FB75A /* SLRScheduleModel.h */,
				73AF55BC1C9ECC64009FB75A /* SLRScheduleModel.m */,
				73AF55C71C9EDF32009FB75A /* SLRVisitorInterval.h */,
				73AF55C81C9EDF32009FB75A /* SLRVisitorInterval.m */,
				739AA9301C9EEF1200565CB7 /* SLRFreeInterval.h */,
				739AA9311C9EEF1200565CB7 /* SLRFreeInterval.m */,
			);
			name = Models;
			sourceTree = "<group>";
		};
		73AF55AD1C9EC81F009FB75A /* Views */ = {
			isa = PBXGroup;
			children = (
				73AF55B61C9ECA18009FB75A /* Cells */,
				73AF52CC1C9EBBC6009FB75A /* SLRRootVC.h */,
				73AF52CD1C9EBBC6009FB75A /* SLRRootVC.m */,
				73AF55A51C9EC71B009FB75A /* SLRBaseVC.h */,
				73AF55A61C9EC71B009FB75A /* SLRBaseVC.m */,
				735E213E1CE8912100A4EB54 /* SLRSeporatorView.h */,
				735E213F1CE8912100A4EB54 /* SLRSeporatorView.m */,
			);
			name = Views;
			sourceTree = "<group>";
		};
		73AF55AE1C9EC826009FB75A /* ViewModels */ = {
			isa = PBXGroup;
			children = (
				73AF55A81C9EC74C009FB75A /* SLRBaseVM.h */,
				73AF55A91C9EC74C009FB75A /* SLRBaseVM.m */,
				73AF55C01C9ED8CF009FB75A /* SLRScheduleCellVM.h */,
				73AF55C11C9ED8CF009FB75A /* SLRScheduleCellVM.m */,
				73830E5A1CE0C46C006B6074 /* SLRWorkDayVM.h */,
				73830E5B1CE0C46C006B6074 /* SLRWorkDayVM.m */,
				73830E5D1CE0C767006B6074 /* SLRRangeVM.h */,
				73830E5E1CE0C767006B6074 /* SLRRangeVM.m */,
			);
			name = ViewModels;
			sourceTree = "<group>";
		};
		73AF55B61C9ECA18009FB75A /* Cells */ = {
			isa = PBXGroup;
			children = (
				738314D71CF0A8780048AFE2 /* Pending */,
			);
			name = Cells;
			sourceTree = "<group>";
		};
		75F704861AF0FA477A3DB201 /* Pods */ = {
			isa = PBXGroup;
			children = (
				56CE2249671223335EA5841D /* Pods-Scheduler.debug.xcconfig */,
				CC71B5BB6067145B8945C39C /* Pods-Scheduler.release.xcconfig */,
				59041980C96C640D0855E039 /* Pods-SchedulerTests.debug.xcconfig */,
				472D3E516EE1FDDDB86413C3 /* Pods-SchedulerTests.release.xcconfig */,
			);
			name = Pods;
			sourceTree = "<group>";
		};
/* End PBXGroup section */

/* Begin PBXNativeTarget section */
		73AF52A31C9EB953009FB75A /* Scheduler */ = {
			isa = PBXNativeTarget;
			buildConfigurationList = 73AF52C61C9EB953009FB75A /* Build configuration list for PBXNativeTarget "Scheduler" */;
			buildPhases = (
				37F06EC57F9C047ACF142B5B /* 📦 Check Pods Manifest.lock */,
				73AF52A01C9EB953009FB75A /* Sources */,
				73AF52A11C9EB953009FB75A /* Frameworks */,
				73AF52A21C9EB953009FB75A /* Resources */,
				73AF52D21C9EBD21009FB75A /* Fabric */,
				5A33B7D0E60534561137C790 /* 📦 Embed Pods Frameworks */,
				A7C544209663ABAB74DDEC3D /* 📦 Copy Pods Resources */,
			);
			buildRules = (
			);
			dependencies = (
			);
			name = Scheduler;
			productName = Scheduler;
			productReference = 73AF52A41C9EB953009FB75A /* Scheduler.app */;
			productType = "com.apple.product-type.application";
		};
		73AF52BC1C9EB953009FB75A /* SchedulerTests */ = {
			isa = PBXNativeTarget;
			buildConfigurationList = 73AF52C91C9EB953009FB75A /* Build configuration list for PBXNativeTarget "SchedulerTests" */;
			buildPhases = (
				85A7ACAB76ECE9AA770C8B9E /* 📦 Check Pods Manifest.lock */,
				73AF52B91C9EB953009FB75A /* Sources */,
				73AF52BA1C9EB953009FB75A /* Frameworks */,
				73AF52BB1C9EB953009FB75A /* Resources */,
				31A6B4992A1EA7063C666761 /* 📦 Embed Pods Frameworks */,
				219340D66342A9A10BF9E8AA /* 📦 Copy Pods Resources */,
			);
			buildRules = (
			);
			dependencies = (
				73AF52BF1C9EB953009FB75A /* PBXTargetDependency */,
			);
			name = SchedulerTests;
			productName = SchedulerTests;
			productReference = 73AF52BD1C9EB953009FB75A /* SchedulerTests.xctest */;
			productType = "com.apple.product-type.bundle.unit-test";
		};
/* End PBXNativeTarget section */

/* Begin PBXProject section */
		73AF529C1C9EB953009FB75A /* Project object */ = {
			isa = PBXProject;
			attributes = {
				CLASSPREFIX = SLR;
				LastUpgradeCheck = 0720;
				TargetAttributes = {
					73AF52A31C9EB953009FB75A = {
						CreatedOnToolsVersion = 7.2.1;
					};
					73AF52BC1C9EB953009FB75A = {
						CreatedOnToolsVersion = 7.2.1;
						TestTargetID = 73AF52A31C9EB953009FB75A;
					};
				};
			};
			buildConfigurationList = 73AF529F1C9EB953009FB75A /* Build configuration list for PBXProject "Scheduler" */;
			compatibilityVersion = "Xcode 3.2";
			developmentRegion = English;
			hasScannedForEncodings = 0;
			knownRegions = (
				en,
				Base,
			);
			mainGroup = 73AF529B1C9EB953009FB75A;
			productRefGroup = 73AF52A51C9EB953009FB75A /* Products */;
			projectDirPath = "";
			projectRoot = "";
			targets = (
				73AF52A31C9EB953009FB75A /* Scheduler */,
				73AF52BC1C9EB953009FB75A /* SchedulerTests */,
			);
		};
/* End PBXProject section */

/* Begin PBXResourcesBuildPhase section */
		73AF52A21C9EB953009FB75A /* Resources */ = {
			isa = PBXResourcesBuildPhase;
			buildActionMask = 2147483647;
			files = (
				738314D61CF09C890048AFE2 /* pages.json in Resources */,
				738314D51CF09C890048AFE2 /* filial.json in Resources */,
				73AF52B41C9EB953009FB75A /* Assets.xcassets in Resources */,
				73AF52D11C9EBCB6009FB75A /* Default-568h@2x.png in Resources */,
				73AF55C51C9EDBDD009FB75A /* schedule_params.json in Resources */,
			);
			runOnlyForDeploymentPostprocessing = 0;
		};
		73AF52BB1C9EB953009FB75A /* Resources */ = {
			isa = PBXResourcesBuildPhase;
			buildActionMask = 2147483647;
			files = (
				73AF55C61C9EDBDD009FB75A /* schedule_params.json in Resources */,
			);
			runOnlyForDeploymentPostprocessing = 0;
		};
/* End PBXResourcesBuildPhase section */

/* Begin PBXShellScriptBuildPhase section */
		219340D66342A9A10BF9E8AA /* 📦 Copy Pods Resources */ = {
			isa = PBXShellScriptBuildPhase;
			buildActionMask = 2147483647;
			files = (
			);
			inputPaths = (
			);
			name = "📦 Copy Pods Resources";
			outputPaths = (
			);
			runOnlyForDeploymentPostprocessing = 0;
			shellPath = /bin/sh;
			shellScript = "\"${SRCROOT}/Pods/Target Support Files/Pods-SchedulerTests/Pods-SchedulerTests-resources.sh\"\n";
			showEnvVarsInLog = 0;
		};
		31A6B4992A1EA7063C666761 /* 📦 Embed Pods Frameworks */ = {
			isa = PBXShellScriptBuildPhase;
			buildActionMask = 2147483647;
			files = (
			);
			inputPaths = (
			);
			name = "📦 Embed Pods Frameworks";
			outputPaths = (
			);
			runOnlyForDeploymentPostprocessing = 0;
			shellPath = /bin/sh;
			shellScript = "\"${SRCROOT}/Pods/Target Support Files/Pods-SchedulerTests/Pods-SchedulerTests-frameworks.sh\"\n";
			showEnvVarsInLog = 0;
		};
		37F06EC57F9C047ACF142B5B /* 📦 Check Pods Manifest.lock */ = {
			isa = PBXShellScriptBuildPhase;
			buildActionMask = 2147483647;
			files = (
			);
			inputPaths = (
			);
			name = "📦 Check Pods Manifest.lock";
			outputPaths = (
			);
			runOnlyForDeploymentPostprocessing = 0;
			shellPath = /bin/sh;
			shellScript = "diff \"${PODS_ROOT}/../Podfile.lock\" \"${PODS_ROOT}/Manifest.lock\" > /dev/null\nif [[ $? != 0 ]] ; then\n    cat << EOM\nerror: The sandbox is not in sync with the Podfile.lock. Run 'pod install' or update your CocoaPods installation.\nEOM\n    exit 1\nfi\n";
			showEnvVarsInLog = 0;
		};
		5A33B7D0E60534561137C790 /* 📦 Embed Pods Frameworks */ = {
			isa = PBXShellScriptBuildPhase;
			buildActionMask = 2147483647;
			files = (
			);
			inputPaths = (
			);
			name = "📦 Embed Pods Frameworks";
			outputPaths = (
			);
			runOnlyForDeploymentPostprocessing = 0;
			shellPath = /bin/sh;
			shellScript = "\"${SRCROOT}/Pods/Target Support Files/Pods-Scheduler/Pods-Scheduler-frameworks.sh\"\n";
			showEnvVarsInLog = 0;
		};
		73AF52D21C9EBD21009FB75A /* Fabric */ = {
			isa = PBXShellScriptBuildPhase;
			buildActionMask = 2147483647;
			files = (
			);
			inputPaths = (
			);
			name = Fabric;
			outputPaths = (
			);
			runOnlyForDeploymentPostprocessing = 0;
			shellPath = /bin/sh;
			shellScript = "echo \">>>>${CONFIGURATION}\"\n\nif [ \"Debug\" = \"${CONFIGURATION}\" ]; then\necho \"Running Crashlytics\"\n\"${PODS_ROOT}/Fabric/run\" 1ea87b52b1d0946ed506dcc3bd5b586f422bf03a 24581047190989dd3b32483cd77da4a030cb7d2ed58171c008823f918c327652\nfi";
		};
		85A7ACAB76ECE9AA770C8B9E /* 📦 Check Pods Manifest.lock */ = {
			isa = PBXShellScriptBuildPhase;
			buildActionMask = 2147483647;
			files = (
			);
			inputPaths = (
			);
			name = "📦 Check Pods Manifest.lock";
			outputPaths = (
			);
			runOnlyForDeploymentPostprocessing = 0;
			shellPath = /bin/sh;
			shellScript = "diff \"${PODS_ROOT}/../Podfile.lock\" \"${PODS_ROOT}/Manifest.lock\" > /dev/null\nif [[ $? != 0 ]] ; then\n    cat << EOM\nerror: The sandbox is not in sync with the Podfile.lock. Run 'pod install' or update your CocoaPods installation.\nEOM\n    exit 1\nfi\n";
			showEnvVarsInLog = 0;
		};
		A7C544209663ABAB74DDEC3D /* 📦 Copy Pods Resources */ = {
			isa = PBXShellScriptBuildPhase;
			buildActionMask = 2147483647;
			files = (
			);
			inputPaths = (
			);
			name = "📦 Copy Pods Resources";
			outputPaths = (
			);
			runOnlyForDeploymentPostprocessing = 0;
			shellPath = /bin/sh;
			shellScript = "\"${SRCROOT}/Pods/Target Support Files/Pods-Scheduler/Pods-Scheduler-resources.sh\"\n";
			showEnvVarsInLog = 0;
		};
/* End PBXShellScriptBuildPhase section */

/* Begin PBXSourcesBuildPhase section */
		73AF52A01C9EB953009FB75A /* Sources */ = {
			isa = PBXSourcesBuildPhase;
			buildActionMask = 2147483647;
			files = (
				738314C11CF09ACA0048AFE2 /* SLRUser.m in Sources */,
				735E21401CE8912100A4EB54 /* SLRSeporatorView.m in Sources */,
				73AF55B11C9EC882009FB75A /* SLRSchedulerVC.m in Sources */,
				73830E5C1CE0C46C006B6074 /* SLRWorkDayVM.m in Sources */,
				738314CA1CF09B550048AFE2 /* SLRAPIController.m in Sources */,
				738314BD1CF09ACA0048AFE2 /* SLROwner.m in Sources */,
				738314CC1CF09B550048AFE2 /* SLRDataProvider.m in Sources */,
				73AF55A71C9EC71B009FB75A /* SLRBaseVC.m in Sources */,
				73830E5F1CE0C767006B6074 /* SLRRangeVM.m in Sources */,
				738314BE1CF09ACA0048AFE2 /* SLRPage.m in Sources */,
				738314CB1CF09B550048AFE2 /* SLRAPIController+SLRModels.m in Sources */,
				73103FD71CF0B7AA00785073 /* SLRIntervalCell.m in Sources */,
				73AF55B91C9ECA56009FB75A /* SLRScheduleCell.m in Sources */,
				73AF55AA1C9EC74C009FB75A /* SLRBaseVM.m in Sources */,
				73830E591CE0C458006B6074 /* SLRIntervalVM.m in Sources */,
				739AA9321C9EEF1200565CB7 /* SLRFreeInterval.m in Sources */,
				73AF55C91C9EDF32009FB75A /* SLRVisitorInterval.m in Sources */,
				738314BC1CF09ACA0048AFE2 /* SLRFilial.m in Sources */,
				73AF52CE1C9EBBC6009FB75A /* SLRRootVC.m in Sources */,
				73AF52AC1C9EB953009FB75A /* AppDelegate.m in Sources */,
				73AF55BD1C9ECC64009FB75A /* SLRScheduleModel.m in Sources */,
				73AF55B41C9EC8BC009FB75A /* SLRSchedulerVM.m in Sources */,
				738314BF1CF09ACA0048AFE2 /* SLRRange.m in Sources */,
				738314C01CF09ACA0048AFE2 /* SLRTimeGrid.m in Sources */,
				73AF52A91C9EB953009FB75A /* main.m in Sources */,
				73830E561CE0AB13006B6074 /* SLRIntervalView.m in Sources */,
				73AF55C21C9ED8CF009FB75A /* SLRScheduleCellVM.m in Sources */,
			);
			runOnlyForDeploymentPostprocessing = 0;
		};
		73AF52B91C9EB953009FB75A /* Sources */ = {
			isa = PBXSourcesBuildPhase;
			buildActionMask = 2147483647;
			files = (
				73AF55AB1C9EC74C009FB75A /* SLRBaseVM.m in Sources */,
				73AF55BE1C9ECC64009FB75A /* SLRScheduleModel.m in Sources */,
				739AA65C1C9EEA8E00565CB7 /* SLRScheduleModelSpec.m in Sources */,
				73AF55CA1C9EDF32009FB75A /* SLRVisitorInterval.m in Sources */,
				739AA9331C9EEF1200565CB7 /* SLRFreeInterval.m in Sources */,
				735E213D1CE884C600A4EB54 /* SLRWorkDayVMSpec.m in Sources */,
				73AF55C31C9ED8CF009FB75A /* SLRScheduleCellVM.m in Sources */,
				73AF55BA1C9ECA56009FB75A /* SLRScheduleCell.m in Sources */,
				73AF55B51C9EC8BC009FB75A /* SLRSchedulerVM.m in Sources */,
			);
			runOnlyForDeploymentPostprocessing = 0;
		};
/* End PBXSourcesBuildPhase section */

/* Begin PBXTargetDependency section */
		73AF52BF1C9EB953009FB75A /* PBXTargetDependency */ = {
			isa = PBXTargetDependency;
			target = 73AF52A31C9EB953009FB75A /* Scheduler */;
			targetProxy = 73AF52BE1C9EB953009FB75A /* PBXContainerItemProxy */;
		};
/* End PBXTargetDependency section */

/* Begin XCBuildConfiguration section */
		73AF52C41C9EB953009FB75A /* Debug */ = {
			isa = XCBuildConfiguration;
			buildSettings = {
				ALWAYS_SEARCH_USER_PATHS = NO;
				CLANG_CXX_LANGUAGE_STANDARD = "gnu++0x";
				CLANG_CXX_LIBRARY = "libc++";
				CLANG_ENABLE_MODULES = YES;
				CLANG_ENABLE_OBJC_ARC = YES;
				CLANG_WARN_BOOL_CONVERSION = YES;
				CLANG_WARN_CONSTANT_CONVERSION = YES;
				CLANG_WARN_DIRECT_OBJC_ISA_USAGE = YES_ERROR;
				CLANG_WARN_EMPTY_BODY = YES;
				CLANG_WARN_ENUM_CONVERSION = YES;
				CLANG_WARN_INT_CONVERSION = YES;
				CLANG_WARN_OBJC_ROOT_CLASS = YES_ERROR;
				CLANG_WARN_UNREACHABLE_CODE = YES;
				CLANG_WARN__DUPLICATE_METHOD_MATCH = YES;
				"CODE_SIGN_IDENTITY[sdk=iphoneos*]" = "iPhone Developer";
				COPY_PHASE_STRIP = NO;
				DEBUG_INFORMATION_FORMAT = dwarf;
				ENABLE_STRICT_OBJC_MSGSEND = YES;
				ENABLE_TESTABILITY = YES;
				GCC_C_LANGUAGE_STANDARD = gnu99;
				GCC_DYNAMIC_NO_PIC = NO;
				GCC_NO_COMMON_BLOCKS = YES;
				GCC_OPTIMIZATION_LEVEL = 0;
				GCC_PREPROCESSOR_DEFINITIONS = (
					"DEBUG=1",
					"$(inherited)",
				);
				GCC_WARN_64_TO_32_BIT_CONVERSION = YES;
				GCC_WARN_ABOUT_RETURN_TYPE = YES_ERROR;
				GCC_WARN_UNDECLARED_SELECTOR = YES;
				GCC_WARN_UNINITIALIZED_AUTOS = YES_AGGRESSIVE;
				GCC_WARN_UNUSED_FUNCTION = YES;
				GCC_WARN_UNUSED_VARIABLE = YES;
				IPHONEOS_DEPLOYMENT_TARGET = 9.2;
				MTL_ENABLE_DEBUG_INFO = YES;
				ONLY_ACTIVE_ARCH = YES;
				SDKROOT = iphoneos;
			};
			name = Debug;
		};
		73AF52C51C9EB953009FB75A /* Release */ = {
			isa = XCBuildConfiguration;
			buildSettings = {
				ALWAYS_SEARCH_USER_PATHS = NO;
				CLANG_CXX_LANGUAGE_STANDARD = "gnu++0x";
				CLANG_CXX_LIBRARY = "libc++";
				CLANG_ENABLE_MODULES = YES;
				CLANG_ENABLE_OBJC_ARC = YES;
				CLANG_WARN_BOOL_CONVERSION = YES;
				CLANG_WARN_CONSTANT_CONVERSION = YES;
				CLANG_WARN_DIRECT_OBJC_ISA_USAGE = YES_ERROR;
				CLANG_WARN_EMPTY_BODY = YES;
				CLANG_WARN_ENUM_CONVERSION = YES;
				CLANG_WARN_INT_CONVERSION = YES;
				CLANG_WARN_OBJC_ROOT_CLASS = YES_ERROR;
				CLANG_WARN_UNREACHABLE_CODE = YES;
				CLANG_WARN__DUPLICATE_METHOD_MATCH = YES;
				"CODE_SIGN_IDENTITY[sdk=iphoneos*]" = "iPhone Developer";
				COPY_PHASE_STRIP = NO;
				DEBUG_INFORMATION_FORMAT = "dwarf-with-dsym";
				ENABLE_NS_ASSERTIONS = NO;
				ENABLE_STRICT_OBJC_MSGSEND = YES;
				GCC_C_LANGUAGE_STANDARD = gnu99;
				GCC_NO_COMMON_BLOCKS = YES;
				GCC_WARN_64_TO_32_BIT_CONVERSION = YES;
				GCC_WARN_ABOUT_RETURN_TYPE = YES_ERROR;
				GCC_WARN_UNDECLARED_SELECTOR = YES;
				GCC_WARN_UNINITIALIZED_AUTOS = YES_AGGRESSIVE;
				GCC_WARN_UNUSED_FUNCTION = YES;
				GCC_WARN_UNUSED_VARIABLE = YES;
				IPHONEOS_DEPLOYMENT_TARGET = 9.2;
				MTL_ENABLE_DEBUG_INFO = NO;
				SDKROOT = iphoneos;
				VALIDATE_PRODUCT = YES;
			};
			name = Release;
		};
		73AF52C71C9EB953009FB75A /* Debug */ = {
			isa = XCBuildConfiguration;
			baseConfigurationReference = 56CE2249671223335EA5841D /* Pods-Scheduler.debug.xcconfig */;
			buildSettings = {
				ASSETCATALOG_COMPILER_APPICON_NAME = AppIcon;
				GCC_PREFIX_HEADER = "Scheduler/Prefix-Header.h";
				INFOPLIST_FILE = Scheduler/Info.plist;
				IPHONEOS_DEPLOYMENT_TARGET = 8.0;
				LD_RUNPATH_SEARCH_PATHS = "$(inherited) @executable_path/Frameworks";
				PRODUCT_BUNDLE_IDENTIFIER = xyz.nazabore.Scheduler;
				PRODUCT_NAME = "$(TARGET_NAME)";
				TARGETED_DEVICE_FAMILY = "1,2";
			};
			name = Debug;
		};
		73AF52C81C9EB953009FB75A /* Release */ = {
			isa = XCBuildConfiguration;
			baseConfigurationReference = CC71B5BB6067145B8945C39C /* Pods-Scheduler.release.xcconfig */;
			buildSettings = {
				ASSETCATALOG_COMPILER_APPICON_NAME = AppIcon;
				GCC_PREFIX_HEADER = "Scheduler/Prefix-Header.h";
				INFOPLIST_FILE = Scheduler/Info.plist;
				IPHONEOS_DEPLOYMENT_TARGET = 8.0;
				LD_RUNPATH_SEARCH_PATHS = "$(inherited) @executable_path/Frameworks";
				PRODUCT_BUNDLE_IDENTIFIER = xyz.nazabore.Scheduler;
				PRODUCT_NAME = "$(TARGET_NAME)";
				TARGETED_DEVICE_FAMILY = "1,2";
			};
			name = Release;
		};
		73AF52CA1C9EB953009FB75A /* Debug */ = {
			isa = XCBuildConfiguration;
			baseConfigurationReference = 59041980C96C640D0855E039 /* Pods-SchedulerTests.debug.xcconfig */;
			buildSettings = {
				BUNDLE_LOADER = "$(TEST_HOST)";
				GCC_PREFIX_HEADER = "SchedulerTests/Prefix-Header.h";
				INFOPLIST_FILE = SchedulerTests/Info.plist;
				LD_RUNPATH_SEARCH_PATHS = "$(inherited) @executable_path/Frameworks @loader_path/Frameworks";
				PRODUCT_BUNDLE_IDENTIFIER = xyz.nazabore.SchedulerTests;
				PRODUCT_NAME = "$(TARGET_NAME)";
				TEST_HOST = "$(BUILT_PRODUCTS_DIR)/Scheduler.app/Scheduler";
			};
			name = Debug;
		};
		73AF52CB1C9EB953009FB75A /* Release */ = {
			isa = XCBuildConfiguration;
			baseConfigurationReference = 472D3E516EE1FDDDB86413C3 /* Pods-SchedulerTests.release.xcconfig */;
			buildSettings = {
				BUNDLE_LOADER = "$(TEST_HOST)";
				GCC_PREFIX_HEADER = "SchedulerTests/Prefix-Header.h";
				INFOPLIST_FILE = SchedulerTests/Info.plist;
				LD_RUNPATH_SEARCH_PATHS = "$(inherited) @executable_path/Frameworks @loader_path/Frameworks";
				PRODUCT_BUNDLE_IDENTIFIER = xyz.nazabore.SchedulerTests;
				PRODUCT_NAME = "$(TARGET_NAME)";
				TEST_HOST = "$(BUILT_PRODUCTS_DIR)/Scheduler.app/Scheduler";
			};
			name = Release;
		};
/* End XCBuildConfiguration section */

/* Begin XCConfigurationList section */
		73AF529F1C9EB953009FB75A /* Build configuration list for PBXProject "Scheduler" */ = {
			isa = XCConfigurationList;
			buildConfigurations = (
				73AF52C41C9EB953009FB75A /* Debug */,
				73AF52C51C9EB953009FB75A /* Release */,
			);
			defaultConfigurationIsVisible = 0;
			defaultConfigurationName = Release;
		};
		73AF52C61C9EB953009FB75A /* Build configuration list for PBXNativeTarget "Scheduler" */ = {
			isa = XCConfigurationList;
			buildConfigurations = (
				73AF52C71C9EB953009FB75A /* Debug */,
				73AF52C81C9EB953009FB75A /* Release */,
			);
			defaultConfigurationIsVisible = 0;
			defaultConfigurationName = Release;
		};
		73AF52C91C9EB953009FB75A /* Build configuration list for PBXNativeTarget "SchedulerTests" */ = {
			isa = XCConfigurationList;
			buildConfigurations = (
				73AF52CA1C9EB953009FB75A /* Debug */,
				73AF52CB1C9EB953009FB75A /* Release */,
			);
			defaultConfigurationIsVisible = 0;
			defaultConfigurationName = Release;
		};
/* End XCConfigurationList section */
	};
	rootObject = 73AF529C1C9EB953009FB75A /* Project object */;
}
